// !$*UTF8*$!
{
	archiveVersion = 1;
	classes = {
	};
	objectVersion = 46;
	objects = {

/* Begin PBXBuildFile section */
		887EB9551ED67E0500B8CF22 /* AppDelegate.swift in Sources */ = {isa = PBXBuildFile; fileRef = 887EB9541ED67E0500B8CF22 /* AppDelegate.swift */; };
		887EB9571ED67E0500B8CF22 /* ViewController.swift in Sources */ = {isa = PBXBuildFile; fileRef = 887EB9561ED67E0500B8CF22 /* ViewController.swift */; };
		887EB95A1ED67E0500B8CF22 /* Main.storyboard in Resources */ = {isa = PBXBuildFile; fileRef = 887EB9581ED67E0500B8CF22 /* Main.storyboard */; };
		887EB95C1ED67E0500B8CF22 /* Assets.xcassets in Resources */ = {isa = PBXBuildFile; fileRef = 887EB95B1ED67E0500B8CF22 /* Assets.xcassets */; };
		887EB95F1ED67E0500B8CF22 /* LaunchScreen.storyboard in Resources */ = {isa = PBXBuildFile; fileRef = 887EB95D1ED67E0500B8CF22 /* LaunchScreen.storyboard */; };
		887EB9671ED6969500B8CF22 /* DefinitionViewController.swift in Sources */ = {isa = PBXBuildFile; fileRef = 887EB9661ED6969500B8CF22 /* DefinitionViewController.swift */; };
/* End PBXBuildFile section */

/* Begin PBXFileReference section */
		887EB9511ED67E0500B8CF22 /* Emoji Dictionary.app */ = {isa = PBXFileReference; explicitFileType = wrapper.application; includeInIndex = 0; path = "Emoji Dictionary.app"; sourceTree = BUILT_PRODUCTS_DIR; };
		887EB9541ED67E0500B8CF22 /* AppDelegate.swift */ = {isa = PBXFileReference; lastKnownFileType = sourcecode.swift; path = AppDelegate.swift; sourceTree = "<group>"; };
		887EB9561ED67E0500B8CF22 /* ViewController.swift */ = {isa = PBXFileReference; lastKnownFileType = sourcecode.swift; path = ViewController.swift; sourceTree = "<group>"; };
		887EB9591ED67E0500B8CF22 /* Base */ = {isa = PBXFileReference; lastKnownFileType = file.storyboard; name = Base; path = Base.lproj/Main.storyboard; sourceTree = "<group>"; };
		887EB95B1ED67E0500B8CF22 /* Assets.xcassets */ = {isa = PBXFileReference; lastKnownFileType = folder.assetcatalog; path = Assets.xcassets; sourceTree = "<group>"; };
		887EB95E1ED67E0500B8CF22 /* Base */ = {isa = PBXFileReference; lastKnownFileType = file.storyboard; name = Base; path = Base.lproj/LaunchScreen.storyboard; sourceTree = "<group>"; };
		887EB9601ED67E0500B8CF22 /* Info.plist */ = {isa = PBXFileReference; lastKnownFileType = text.plist.xml; path = Info.plist; sourceTree = "<group>"; };
		887EB9661ED6969500B8CF22 /* DefinitionViewController.swift */ = {isa = PBXFileReference; fileEncoding = 4; lastKnownFileType = sourcecode.swift; path = DefinitionViewController.swift; sourceTree = "<group>"; };
/* End PBXFileReference section */

/* Begin PBXFrameworksBuildPhase section */
		887EB94E1ED67E0500B8CF22 /* Frameworks */ = {
			isa = PBXFrameworksBuildPhase;
			buildActionMask = 2147483647;
			files = (
			);
			runOnlyForDeploymentPostprocessing = 0;
		};
/* End PBXFrameworksBuildPhase section */

/* Begin PBXGroup section */
		887EB9481ED67E0500B8CF22 = {
			isa = PBXGroup;
			children = (
				887EB9531ED67E0500B8CF22 /* Emoji Dictionary */,
				887EB9521ED67E0500B8CF22 /* Products */,
			);
			sourceTree = "<group>";
		};
		887EB9521ED67E0500B8CF22 /* Products */ = {
			isa = PBXGroup;
			children = (
				887EB9511ED67E0500B8CF22 /* Emoji Dictionary.app */,
			);
			name = Products;
			sourceTree = "<group>";
		};
		887EB9531ED67E0500B8CF22 /* Emoji Dictionary */ = {
			isa = PBXGroup;
			children = (
				887EB9541ED67E0500B8CF22 /* AppDelegate.swift */,
				887EB9561ED67E0500B8CF22 /* ViewController.swift */,
				887EB9661ED6969500B8CF22 /* DefinitionViewController.swift */,
				887EB9581ED67E0500B8CF22 /* Main.storyboard */,
				887EB95B1ED67E0500B8CF22 /* Assets.xcassets */,
				887EB95D1ED67E0500B8CF22 /* LaunchScreen.storyboard */,
				887EB9601ED67E0500B8CF22 /* Info.plist */,
			);
			path = "Emoji Dictionary";
			sourceTree = "<group>";
		};
/* End PBXGroup section */

/* Begin PBXNativeTarget section */
		887EB9501ED67E0500B8CF22 /* Emoji Dictionary */ = {
			isa = PBXNativeTarget;
			buildConfigurationList = 887EB9631ED67E0500B8CF22 /* Build configuration list for PBXNativeTarget "Emoji Dictionary" */;
			buildPhases = (
				887EB94D1ED67E0500B8CF22 /* Sources */,
				887EB94E1ED67E0500B8CF22 /* Frameworks */,
				887EB94F1ED67E0500B8CF22 /* Resources */,
			);
			buildRules = (
			);
			dependencies = (
			);
			name = "Emoji Dictionary";
			productName = "Emoji Dictionary";
			productReference = 887EB9511ED67E0500B8CF22 /* Emoji Dictionary.app */;
			productType = "com.apple.product-type.application";
		};
/* End PBXNativeTarget section */

/* Begin PBXProject section */
		887EB9491ED67E0500B8CF22 /* Project object */ = {
			isa = PBXProject;
			attributes = {
				LastSwiftUpdateCheck = 0730;
				LastUpgradeCheck = 0730;
				ORGANIZATIONNAME = Fusion;
				TargetAttributes = {
					887EB9501ED67E0500B8CF22 = {
						CreatedOnToolsVersion = 7.3.1;
					};
				};
			};
			buildConfigurationList = 887EB94C1ED67E0500B8CF22 /* Build configuration list for PBXProject "Emoji Dictionary" */;
			compatibilityVersion = "Xcode 3.2";
			developmentRegion = English;
			hasScannedForEncodings = 0;
			knownRegions = (
				en,
				Base,
			);
			mainGroup = 887EB9481ED67E0500B8CF22;
			productRefGroup = 887EB9521ED67E0500B8CF22 /* Products */;
			projectDirPath = "";
			projectRoot = "";
			targets = (
				887EB9501ED67E0500B8CF22 /* Emoji Dictionary */,
			);
		};
/* End PBXProject section */

/* Begin PBXResourcesBuildPhase section */
		887EB94F1ED67E0500B8CF22 /* Resources */ = {
			isa = PBXResourcesBuildPhase;
			buildActionMask = 2147483647;
			files = (
				887EB95F1ED67E0500B8CF22 /* LaunchScreen.storyboard in Resources */,
				887EB95C1ED67E0500B8CF22 /* Assets.xcassets in Resources */,
				887EB95A1ED67E0500B8CF22 /* Main.storyboard in Resources */,
			);
			runOnlyForDeploymentPostprocessing = 0;
		};
/* End PBXResourcesBuildPhase section */

/* Begin PBXSourcesBuildPhase section */
		887EB94D1ED67E0500B8CF22 /* Sources */ = {
			isa = PBXSourcesBuildPhase;
			buildActionMask = 2147483647;
			files = (
				887EB9571ED67E0500B8CF22 /* ViewController.swift in Sources */,
				887EB9671ED6969500B8CF22 /* DefinitionViewController.swift in Sources */,
				887EB9551ED67E0500B8CF22 /* AppDelegate.swift in Sources */,
			);
			runOnlyForDeploymentPostprocessing = 0;
		};
/* End PBXSourcesBuildPhase section */

/* Begin PBXVariantGroup section */
		887EB9581ED67E0500B8CF22 /* Main.storyboard */ = {
			isa = PBXVariantGroup;
			children = (
				887EB9591ED67E0500B8CF22 /* Base */,
			);
			name = Main.storyboard;
			sourceTree = "<group>";
		};
		887EB95D1ED67E0500B8CF22 /* LaunchScreen.storyboard */ = {
			isa = PBXVariantGroup;
			children = (
				887EB95E1ED67E0500B8CF22 /* Base */,
			);
			name = LaunchScreen.storyboard;
			sourceTree = "<group>";
		};
/* End PBXVariantGroup section */

/* Begin XCBuildConfiguration section */
		887EB9611ED67E0500B8CF22 /* Debug */ = {
			isa = XCBuildConfiguration;
			buildSettings = {
				ALWAYS_SEARCH_USER_PATHS = NO;
				CLANG_ANALYZER_NONNULL = YES;
				CLANG_CXX_LANGUAGE_STANDARD = "gnu++0x";
				CLANG_CXX_LIBRARY = "libc++";
				CLANG_ENABLE_MODULES = YES;
				CLANG_ENABLE_OBJC_ARC = YES;
				CLANG_WARN_BOOL_CONVERSION = YES;
				CLANG_WARN_CONSTANT_CONVERSION = YES;
				CLANG_WARN_DIRECT_OBJC_ISA_USAGE = YES_ERROR;
				CLANG_WARN_EMPTY_BODY = YES;
				CLANG_WARN_ENUM_CONVERSION = YES;
				CLANG_WARN_INT_CONVERSION = YES;
				CLANG_WARN_OBJC_ROOT_CLASS = YES_ERROR;
				CLANG_WARN_UNREACHABLE_CODE = YES;
				CLANG_WARN__DUPLICATE_METHOD_MATCH = YES;
				"CODE_SIGN_IDENTITY[sdk=iphoneos*]" = "iPhone Developer";
				COPY_PHASE_STRIP = NO;
				DEBUG_INFORMATION_FORMAT = dwarf;
				ENABLE_STRICT_OBJC_MSGSEND = YES;
				ENABLE_TESTABILITY = YES;
				GCC_C_LANGUAGE_STANDARD = gnu99;
				GCC_DYNAMIC_NO_PIC = NO;
				GCC_NO_COMMON_BLOCKS = YES;
				GCC_OPTIMIZATION_LEVEL = 0;
				GCC_PREPROCESSOR_DEFINITIONS = (
					"DEBUG=1",
					"$(inherited)",
				);
				GCC_WARN_64_TO_32_BIT_CONVERSION = YES;
				GCC_WARN_ABOUT_RETURN_TYPE = YES_ERROR;
				GCC_WARN_UNDECLARED_SELECTOR = YES;
				GCC_WARN_UNINITIALIZED_AUTOS = YES_AGGRESSIVE;
				GCC_WARN_UNUSED_FUNCTION = YES;
				GCC_WARN_UNUSED_VARIABLE = YES;
				IPHONEOS_DEPLOYMENT_TARGET = 9.3;
				MTL_ENABLE_DEBUG_INFO = YES;
				ONLY_ACTIVE_ARCH = YES;
				SDKROOT = iphoneos;
				SWIFT_OPTIMIZATION_LEVEL = "-Onone";
				TARGETED_DEVICE_FAMILY = "1,2";
			};
			name = Debug;
		};
		887EB9621ED67E0500B8CF22 /* Release */ = {
			isa = XCBuildConfiguration;
			buildSettings = {
				ALWAYS_SEARCH_USER_PATHS = NO;
				CLANG_ANALYZER_NONNULL = YES;
				CLANG_CXX_LANGUAGE_STANDARD = "gnu++0x";
				CLANG_CXX_LIBRARY = "libc++";
				CLANG_ENABLE_MODULES = YES;
				CLANG_ENABLE_OBJC_ARC = YES;
				CLANG_WARN_BOOL_CONVERSION = YES;
				CLANG_WARN_CONSTANT_CONVERSION = YES;
				CLANG_WARN_DIRECT_OBJC_ISA_USAGE = YES_ERROR;
				CLANG_WARN_EMPTY_BODY = YES;
				CLANG_WARN_ENUM_CONVERSION = YES;
				CLANG_WARN_INT_CONVERSION = YES;
				CLANG_WARN_OBJC_ROOT_CLASS = YES_ERROR;
				CLANG_WARN_UNREACHABLE_CODE = YES;
				CLANG_WARN__DUPLICATE_METHOD_MATCH = YES;
				"CODE_SIGN_IDENTITY[sdk=iphoneos*]" = "iPhone Developer";
				COPY_PHASE_STRIP = NO;
				DEBUG_INFORMATION_FORMAT = "dwarf-with-dsym";
				ENABLE_NS_ASSERTIONS = NO;
				ENABLE_STRICT_OBJC_MSGSEND = YES;
				GCC_C_LANGUAGE_STANDARD = gnu99;
				GCC_NO_COMMON_BLOCKS = YES;
				GCC_WARN_64_TO_32_BIT_CONVERSION = YES;
				GCC_WARN_ABOUT_RETURN_TYPE = YES_ERROR;
				GCC_WARN_UNDECLARED_SELECTOR = YES;
				GCC_WARN_UNINITIALIZED_AUTOS = YES_AGGRESSIVE;
				GCC_WARN_UNUSED_FUNCTION = YES;
				GCC_WARN_UNUSED_VARIABLE = YES;
				IPHONEOS_DEPLOYMENT_TARGET = 9.3;
				MTL_ENABLE_DEBUG_INFO = NO;
				SDKROOT = iphoneos;
				TARGETED_DEVICE_FAMILY = "1,2";
				VALIDATE_PRODUCT = YES;
			};
			name = Release;
		};
		887EB9641ED67E0500B8CF22 /* Debug */ = {
			isa = XCBuildConfiguration;
			buildSettings = {
				ASSETCATALOG_COMPILER_APPICON_NAME = AppIcon;
				INFOPLIST_FILE = "Emoji Dictionary/Info.plist";
				LD_RUNPATH_SEARCH_PATHS = "$(inherited) @executable_path/Frameworks";
				PRODUCT_BUNDLE_IDENTIFIER = "FusionGhost.Emoji-Dictionary";
				PRODUCT_NAME = "$(TARGET_NAME)";
			};
			name = Debug;
		};
		887EB9651ED67E0500B8CF22 /* Release */ = {
			isa = XCBuildConfiguration;
			buildSettings = {
				ASSETCATALOG_COMPILER_APPICON_NAME = AppIcon;
				INFOPLIST_FILE = "Emoji Dictionary/Info.plist";
				LD_RUNPATH_SEARCH_PATHS = "$(inherited) @executable_path/Frameworks";
				PRODUCT_BUNDLE_IDENTIFIER = "FusionGhost.Emoji-Dictionary";
				PRODUCT_NAME = "$(TARGET_NAME)";
			};
			name = Release;
		};
/* End XCBuildConfiguration section */

/* Begin XCConfigurationList section */
		887EB94C1ED67E0500B8CF22 /* Build configuration list for PBXProject "Emoji Dictionary" */ = {
			isa = XCConfigurationList;
			buildConfigurations = (
				887EB9611ED67E0500B8CF22 /* Debug */,
				887EB9621ED67E0500B8CF22 /* Release */,
			);
			defaultConfigurationIsVisible = 0;
			defaultConfigurationName = Release;
		};
		887EB9631ED67E0500B8CF22 /* Build configuration list for PBXNativeTarget "Emoji Dictionary" */ = {
			isa = XCConfigurationList;
			buildConfigurations = (
				887EB9641ED67E0500B8CF22 /* Debug */,
				887EB9651ED67E0500B8CF22 /* Release */,
			);
			defaultConfigurationIsVisible = 0;
		};
/* End XCConfigurationList section */
	};
	rootObject = 887EB9491ED67E0500B8CF22 /* Project object */;
}
